// !$*UTF8*$!
{
	archiveVersion = 1;
	classes = {
	};
	objectVersion = 46;
	objects = {

/* Begin PBXBuildFile section */
		67CD44725CF936E774E34789 /* JSONParser.swift in Sources */ = {isa = PBXBuildFile; fileRef = 67CD4F785FF4C7A6391B2AC4 /* JSONParser.swift */; };
		67CD44AF49B47C7ADDA0D659 /* LaunchScreen.storyboard in Resources */ = {isa = PBXBuildFile; fileRef = 67CD415AB543FD86E128608D /* LaunchScreen.storyboard */; };
		67CD452197F23901C73EDF39 /* AppDelegate.swift in Sources */ = {isa = PBXBuildFile; fileRef = 67CD40D96E17BAB56BD8D1FB /* AppDelegate.swift */; };
		67CD4650FE9976549C7D6DA3 /* SceneDelegate.swift in Sources */ = {isa = PBXBuildFile; fileRef = 67CD4F01AAE152B080C56271 /* SceneDelegate.swift */; };
		67CD4841089FC6B8C5C5525B /* ShowDataProcessor.swift in Sources */ = {isa = PBXBuildFile; fileRef = 67CD4669747C4C482F6FC321 /* ShowDataProcessor.swift */; };
		67CD48E6411160BE7A75F847 /* Show.swift in Sources */ = {isa = PBXBuildFile; fileRef = 67CD405F5F33D7B8FB48BD57 /* Show.swift */; };
		67CD4BD937C4EA8F840BCE17 /* Assets.xcassets in Resources */ = {isa = PBXBuildFile; fileRef = 67CD4AAF021CE19740207BCA /* Assets.xcassets */; };
		67CD4BF98A909E05DBA7CF93 /* HTTPHandler.swift in Sources */ = {isa = PBXBuildFile; fileRef = 67CD4982D2C8C2901364231E /* HTTPHandler.swift */; };
		67CD4EC003CA1377BB482303 /* ViewController.swift in Sources */ = {isa = PBXBuildFile; fileRef = 67CD4FF434DC281284F85546 /* ViewController.swift */; };
		67CD4ECBC9387E0F8B98081E /* ShowTableViewCell.swift in Sources */ = {isa = PBXBuildFile; fileRef = 67CD4CB1D3C5931EB6F3489E /* ShowTableViewCell.swift */; };
		67CD4F19683B2E2A7E97D975 /* Main.storyboard in Resources */ = {isa = PBXBuildFile; fileRef = 67CD4BC4A66A356B9DAC51AD /* Main.storyboard */; };
		F9112BE427A17604005EDD11 /* SearchViewController.swift in Sources */ = {isa = PBXBuildFile; fileRef = F9112BE327A17604005EDD11 /* SearchViewController.swift */; };
		F9112BE627A18041005EDD11 /* SearchShowsTableViewCell.swift in Sources */ = {isa = PBXBuildFile; fileRef = F9112BE527A18041005EDD11 /* SearchShowsTableViewCell.swift */; };
/* End PBXBuildFile section */

/* Begin PBXFileReference section */
		67CD405F5F33D7B8FB48BD57 /* Show.swift */ = {isa = PBXFileReference; fileEncoding = 4; lastKnownFileType = sourcecode.swift; path = Show.swift; sourceTree = "<group>"; };
		67CD407E8F4F1A1A06C7CD4B /* Base */ = {isa = PBXFileReference; lastKnownFileType = file.storyboard; name = Base; path = Base.lproj/Main.storyboard; sourceTree = "<group>"; };
		67CD40D96E17BAB56BD8D1FB /* AppDelegate.swift */ = {isa = PBXFileReference; lastKnownFileType = sourcecode.swift; path = AppDelegate.swift; sourceTree = "<group>"; };
		67CD4669747C4C482F6FC321 /* ShowDataProcessor.swift */ = {isa = PBXFileReference; fileEncoding = 4; lastKnownFileType = sourcecode.swift; path = ShowDataProcessor.swift; sourceTree = "<group>"; };
		67CD46C8DB0B1F6CEDAC1DC7 /* Base */ = {isa = PBXFileReference; lastKnownFileType = file.storyboard; name = Base; path = Base.lproj/LaunchScreen.storyboard; sourceTree = "<group>"; };
		67CD48C7D7C63176234DE6CF /* OhMyFavShow.app */ = {isa = PBXFileReference; explicitFileType = wrapper.application; includeInIndex = 0; path = OhMyFavShow.app; sourceTree = BUILT_PRODUCTS_DIR; };
		67CD4982D2C8C2901364231E /* HTTPHandler.swift */ = {isa = PBXFileReference; fileEncoding = 4; lastKnownFileType = sourcecode.swift; path = HTTPHandler.swift; sourceTree = "<group>"; };
		67CD4A98153CCC2D1FD43101 /* Info.plist */ = {isa = PBXFileReference; lastKnownFileType = text.plist.info; path = Info.plist; sourceTree = "<group>"; };
		67CD4AAF021CE19740207BCA /* Assets.xcassets */ = {isa = PBXFileReference; lastKnownFileType = folder.assetcatalog; path = Assets.xcassets; sourceTree = "<group>"; };
		67CD4CB1D3C5931EB6F3489E /* ShowTableViewCell.swift */ = {isa = PBXFileReference; fileEncoding = 4; lastKnownFileType = sourcecode.swift; path = ShowTableViewCell.swift; sourceTree = "<group>"; };
		67CD4F01AAE152B080C56271 /* SceneDelegate.swift */ = {isa = PBXFileReference; lastKnownFileType = sourcecode.swift; path = SceneDelegate.swift; sourceTree = "<group>"; };
		67CD4F785FF4C7A6391B2AC4 /* JSONParser.swift */ = {isa = PBXFileReference; fileEncoding = 4; lastKnownFileType = sourcecode.swift; path = JSONParser.swift; sourceTree = "<group>"; };
		67CD4FF434DC281284F85546 /* ViewController.swift */ = {isa = PBXFileReference; lastKnownFileType = sourcecode.swift; path = ViewController.swift; sourceTree = "<group>"; };
		F9112BE327A17604005EDD11 /* SearchViewController.swift */ = {isa = PBXFileReference; lastKnownFileType = sourcecode.swift; path = SearchViewController.swift; sourceTree = "<group>"; };
		F9112BE527A18041005EDD11 /* SearchShowsTableViewCell.swift */ = {isa = PBXFileReference; lastKnownFileType = sourcecode.swift; path = SearchShowsTableViewCell.swift; sourceTree = "<group>"; };
/* End PBXFileReference section */

/* Begin PBXFrameworksBuildPhase section */
		67CD4A30257618FF16DBDAE6 /* Frameworks */ = {
			isa = PBXFrameworksBuildPhase;
			buildActionMask = 2147483647;
			files = (
			);
			runOnlyForDeploymentPostprocessing = 0;
		};
/* End PBXFrameworksBuildPhase section */

/* Begin PBXGroup section */
		67CD45E7373E61D05D124EBC /* Products */ = {
			isa = PBXGroup;
			children = (
				67CD48C7D7C63176234DE6CF /* OhMyFavShow.app */,
			);
			name = Products;
			sourceTree = "<group>";
		};
		67CD48A4B02311E4466DE105 /* OhMyFavShow */ = {
			isa = PBXGroup;
			children = (
				F9B2A4A627AC1720009B23A5 /* Views */,
				67CD4AAF021CE19740207BCA /* Assets.xcassets */,
				67CD40D96E17BAB56BD8D1FB /* AppDelegate.swift */,
				67CD4A98153CCC2D1FD43101 /* Info.plist */,
				67CD4F01AAE152B080C56271 /* SceneDelegate.swift */,
				67CD4FF434DC281284F85546 /* ViewController.swift */,
				67CD4CB1D3C5931EB6F3489E /* ShowTableViewCell.swift */,
				67CD405F5F33D7B8FB48BD57 /* Show.swift */,
				F9112BE327A17604005EDD11 /* SearchViewController.swift */,
				F9112BE527A18041005EDD11 /* SearchShowsTableViewCell.swift */,
				F9B2A4A727AC1734009B23A5 /* Helpers */,
			);
			path = OhMyFavShow;
			sourceTree = "<group>";
		};
		67CD4A1F46A63F7A64953CD7 = {
			isa = PBXGroup;
			children = (
				67CD45E7373E61D05D124EBC /* Products */,
				67CD48A4B02311E4466DE105 /* OhMyFavShow */,
			);
			sourceTree = "<group>";
		};
		F9B2A4A627AC1720009B23A5 /* Views */ = {
			isa = PBXGroup;
			children = (
				67CD415AB543FD86E128608D /* LaunchScreen.storyboard */,
				67CD4BC4A66A356B9DAC51AD /* Main.storyboard */,
			);
			path = Views;
			sourceTree = "<group>";
		};
		F9B2A4A727AC1734009B23A5 /* Helpers */ = {
			isa = PBXGroup;
			children = (
				67CD4669747C4C482F6FC321 /* ShowDataProcessor.swift */,
				67CD4982D2C8C2901364231E /* HTTPHandler.swift */,
				67CD4F785FF4C7A6391B2AC4 /* JSONParser.swift */,
			);
			path = Helpers;
			sourceTree = "<group>";
		};
/* End PBXGroup section */

/* Begin PBXNativeTarget section */
		67CD46459A3C6E19044947C6 /* OhMyFavShow */ = {
			isa = PBXNativeTarget;
			buildConfigurationList = 67CD42EE9E9B0A20CA558914 /* Build configuration list for PBXNativeTarget "OhMyFavShow" */;
			buildPhases = (
				67CD4FBAB3975DBF95969EF2 /* Sources */,
				67CD4A30257618FF16DBDAE6 /* Frameworks */,
				67CD4375538B343F85A0F00B /* Resources */,
			);
			buildRules = (
			);
			dependencies = (
			);
			name = OhMyFavShow;
			productName = OhMyFavShow;
			productReference = 67CD48C7D7C63176234DE6CF /* OhMyFavShow.app */;
			productType = "com.apple.product-type.application";
		};
/* End PBXNativeTarget section */

/* Begin PBXProject section */
		67CD4F4FEBA37D2FA5F18C64 /* Project object */ = {
			isa = PBXProject;
			attributes = {
				LastUpgradeCheck = 1320;
				TargetAttributes = {
					67CD46459A3C6E19044947C6 = {
						DevelopmentTeam = 3ARPQW6SP5;
					};
				};
			};
			buildConfigurationList = 67CD452395408A84CD30B467 /* Build configuration list for PBXProject "OhMyFavShow" */;
			compatibilityVersion = "Xcode 3.2";
			developmentRegion = English;
			hasScannedForEncodings = 0;
			knownRegions = (
				English,
				en,
				Base,
			);
			mainGroup = 67CD4A1F46A63F7A64953CD7;
			productRefGroup = 67CD45E7373E61D05D124EBC /* Products */;
			projectDirPath = "";
			projectRoot = "";
			targets = (
				67CD46459A3C6E19044947C6 /* OhMyFavShow */,
			);
		};
/* End PBXProject section */

/* Begin PBXResourcesBuildPhase section */
		67CD4375538B343F85A0F00B /* Resources */ = {
			isa = PBXResourcesBuildPhase;
			buildActionMask = 2147483647;
			files = (
				67CD4BD937C4EA8F840BCE17 /* Assets.xcassets in Resources */,
				67CD44AF49B47C7ADDA0D659 /* LaunchScreen.storyboard in Resources */,
				67CD4F19683B2E2A7E97D975 /* Main.storyboard in Resources */,
			);
			runOnlyForDeploymentPostprocessing = 0;
		};
/* End PBXResourcesBuildPhase section */

/* Begin PBXSourcesBuildPhase section */
		67CD4FBAB3975DBF95969EF2 /* Sources */ = {
			isa = PBXSourcesBuildPhase;
			buildActionMask = 2147483647;
			files = (
				F9112BE627A18041005EDD11 /* SearchShowsTableViewCell.swift in Sources */,
				F9112BE427A17604005EDD11 /* SearchViewController.swift in Sources */,
				67CD452197F23901C73EDF39 /* AppDelegate.swift in Sources */,
				67CD4650FE9976549C7D6DA3 /* SceneDelegate.swift in Sources */,
				67CD4EC003CA1377BB482303 /* ViewController.swift in Sources */,
				67CD4ECBC9387E0F8B98081E /* ShowTableViewCell.swift in Sources */,
				67CD48E6411160BE7A75F847 /* Show.swift in Sources */,
				67CD4BF98A909E05DBA7CF93 /* HTTPHandler.swift in Sources */,
				67CD44725CF936E774E34789 /* JSONParser.swift in Sources */,
				67CD4841089FC6B8C5C5525B /* ShowDataProcessor.swift in Sources */,
			);
			runOnlyForDeploymentPostprocessing = 0;
		};
/* End PBXSourcesBuildPhase section */

/* Begin PBXVariantGroup section */
		67CD415AB543FD86E128608D /* LaunchScreen.storyboard */ = {
			isa = PBXVariantGroup;
			children = (
				67CD46C8DB0B1F6CEDAC1DC7 /* Base */,
			);
			name = LaunchScreen.storyboard;
			sourceTree = "<group>";
		};
		67CD4BC4A66A356B9DAC51AD /* Main.storyboard */ = {
			isa = PBXVariantGroup;
			children = (
				67CD407E8F4F1A1A06C7CD4B /* Base */,
			);
			name = Main.storyboard;
			sourceTree = "<group>";
		};
/* End PBXVariantGroup section */

/* Begin XCBuildConfiguration section */
		67CD42F10187D1FC390B62D5 /* Release */ = {
			isa = XCBuildConfiguration;
			buildSettings = {
				ALWAYS_SEARCH_USER_PATHS = NO;
				CLANG_ANALYZER_LOCALIZABILITY_NONLOCALIZED = YES;
				CLANG_ANALYZER_NONNULL = YES;
				CLANG_ANALYZER_NUMBER_OBJECT_CONVERSION = YES_AGGRESSIVE;
				CLANG_CXX_LANGUAGE_STANDARD = "gnu++17";
				CLANG_CXX_LIBRARY = "libc++";
				CLANG_ENABLE_MODULES = YES;
				CLANG_ENABLE_OBJC_ARC = YES;
				CLANG_ENABLE_OBJC_WEAK = YES;
				CLANG_WARN_BLOCK_CAPTURE_AUTORELEASING = YES;
				CLANG_WARN_BOOL_CONVERSION = YES;
				CLANG_WARN_COMMA = YES;
				CLANG_WARN_CONSTANT_CONVERSION = YES;
				CLANG_WARN_DEPRECATED_OBJC_IMPLEMENTATIONS = YES;
				CLANG_WARN_DIRECT_OBJC_ISA_USAGE = YES_ERROR;
				CLANG_WARN_DOCUMENTATION_COMMENTS = YES;
				CLANG_WARN_EMPTY_BODY = YES;
				CLANG_WARN_ENUM_CONVERSION = YES;
				CLANG_WARN_INFINITE_RECURSION = YES;
				CLANG_WARN_INT_CONVERSION = YES;
				CLANG_WARN_NON_LITERAL_NULL_CONVERSION = YES;
				CLANG_WARN_OBJC_IMPLICIT_RETAIN_SELF = YES;
				CLANG_WARN_OBJC_LITERAL_CONVERSION = YES;
				CLANG_WARN_OBJC_ROOT_CLASS = YES_ERROR;
				CLANG_WARN_QUOTED_INCLUDE_IN_FRAMEWORK_HEADER = YES;
				CLANG_WARN_RANGE_LOOP_ANALYSIS = YES;
				CLANG_WARN_STRICT_PROTOTYPES = YES;
				CLANG_WARN_SUSPICIOUS_MOVE = YES;
				CLANG_WARN_UNGUARDED_AVAILABILITY = YES_AGGRESSIVE;
				CLANG_WARN_UNREACHABLE_CODE = YES;
				CLANG_WARN__DUPLICATE_METHOD_MATCH = YES;
				COPY_PHASE_STRIP = NO;
				DEBUG_INFORMATION_FORMAT = "dwarf-with-dsym";
				ENABLE_NS_ASSERTIONS = NO;
				ENABLE_STRICT_OBJC_MSGSEND = YES;
				GCC_C_LANGUAGE_STANDARD = gnu11;
				GCC_NO_COMMON_BLOCKS = YES;
				GCC_WARN_64_TO_32_BIT_CONVERSION = YES;
				GCC_WARN_ABOUT_RETURN_TYPE = YES_ERROR;
				GCC_WARN_UNDECLARED_SELECTOR = YES;
				GCC_WARN_UNINITIALIZED_AUTOS = YES_AGGRESSIVE;
				GCC_WARN_UNUSED_FUNCTION = YES;
				GCC_WARN_UNUSED_VARIABLE = YES;
				IPHONEOS_DEPLOYMENT_TARGET = 15.2;
				MTL_ENABLE_DEBUG_INFO = NO;
				MTL_FAST_MATH = YES;
				SDKROOT = iphoneos;
				SWIFT_OPTIMIZATION_LEVEL = "-Owholemodule";
				VALIDATE_PRODUCT = YES;
			};
			name = Release;
		};
		67CD44B58594AC40B4AAF349 /* Debug */ = {
			isa = XCBuildConfiguration;
			buildSettings = {
				ASSETCATALOG_COMPILER_APPICON_NAME = AppIcon;
				ASSETCATALOG_COMPILER_GLOBAL_ACCENT_COLOR_NAME = AccentColor;
				CURRENT_PROJECT_VERSION = 1;
				DEVELOPMENT_TEAM = 3ARPQW6SP5;
				GENERATE_INFOPLIST_FILE = YES;
				INFOPLIST_FILE = OhMyFavShow/Info.plist;
				INFOPLIST_KEY_UIApplicationSupportsIndirectInputEvents = YES;
				INFOPLIST_KEY_UILaunchStoryboardName = LaunchScreen;
				INFOPLIST_KEY_UIMainStoryboardFile = Main;
				INFOPLIST_KEY_UISupportedInterfaceOrientations_iPad = "UIInterfaceOrientationPortrait UIInterfaceOrientationPortraitUpsideDown UIInterfaceOrientationLandscapeLeft UIInterfaceOrientationLandscapeRight";
				INFOPLIST_KEY_UISupportedInterfaceOrientations_iPhone = "UIInterfaceOrientationPortrait UIInterfaceOrientationLandscapeLeft UIInterfaceOrientationLandscapeRight";
				LD_RUNPATH_SEARCH_PATHS = "$(inherited) @executable_path/Frameworks";
				MARKETING_VERSION = 1.0;
				PRODUCT_BUNDLE_IDENTIFIER = co.softin.OhMyFavShow;
				PRODUCT_NAME = "$(TARGET_NAME)";
				SWIFT_EMIT_LOC_STRINGS = YES;
				SWIFT_VERSION = 5.0;
				TARGETED_DEVICE_FAMILY = "1,2";
			};
			name = Debug;
		};
		67CD48F54D999BC89EC135F2 /* Release */ = {
			isa = XCBuildConfiguration;
			buildSettings = {
				ASSETCATALOG_COMPILER_APPICON_NAME = AppIcon;
				ASSETCATALOG_COMPILER_GLOBAL_ACCENT_COLOR_NAME = AccentColor;
				CURRENT_PROJECT_VERSION = 1;
				DEVELOPMENT_TEAM = 3ARPQW6SP5;
				GENERATE_INFOPLIST_FILE = YES;
				INFOPLIST_FILE = OhMyFavShow/Info.plist;
				INFOPLIST_KEY_UIApplicationSupportsIndirectInputEvents = YES;
				INFOPLIST_KEY_UILaunchStoryboardName = LaunchScreen;
				INFOPLIST_KEY_UIMainStoryboardFile = Main;
				INFOPLIST_KEY_UISupportedInterfaceOrientations_iPad = "UIInterfaceOrientationPortrait UIInterfaceOrientationPortraitUpsideDown UIInterfaceOrientationLandscapeLeft UIInterfaceOrientationLandscapeRight";
				INFOPLIST_KEY_UISupportedInterfaceOrientations_iPhone = "UIInterfaceOrientationPortrait UIInterfaceOrientationLandscapeLeft UIInterfaceOrientationLandscapeRight";
				LD_RUNPATH_SEARCH_PATHS = "$(inherited) @executable_path/Frameworks";
				MARKETING_VERSION = 1.0;
				PRODUCT_BUNDLE_IDENTIFIER = co.softin.OhMyFavShow;
				PRODUCT_NAME = "$(TARGET_NAME)";
				SWIFT_EMIT_LOC_STRINGS = YES;
				SWIFT_VERSION = 5.0;
				TARGETED_DEVICE_FAMILY = "1,2";
			};
			name = Release;
		};
		67CD4F5DF7135290203BCFB8 /* Debug */ = {
			isa = XCBuildConfiguration;
			buildSettings = {
				ALWAYS_SEARCH_USER_PATHS = NO;
				CLANG_ANALYZER_LOCALIZABILITY_NONLOCALIZED = YES;
				CLANG_ANALYZER_NONNULL = YES;
				CLANG_ANALYZER_NUMBER_OBJECT_CONVERSION = YES_AGGRESSIVE;
				CLANG_CXX_LANGUAGE_STANDARD = "gnu++17";
				CLANG_CXX_LIBRARY = "libc++";
				CLANG_ENABLE_MODULES = YES;
				CLANG_ENABLE_OBJC_ARC = YES;
				CLANG_ENABLE_OBJC_WEAK = YES;
				CLANG_WARN_BLOCK_CAPTURE_AUTORELEASING = YES;
				CLANG_WARN_BOOL_CONVERSION = YES;
				CLANG_WARN_COMMA = YES;
				CLANG_WARN_CONSTANT_CONVERSION = YES;
				CLANG_WARN_DEPRECATED_OBJC_IMPLEMENTATIONS = YES;
				CLANG_WARN_DIRECT_OBJC_ISA_USAGE = YES_ERROR;
				CLANG_WARN_DOCUMENTATION_COMMENTS = YES;
				CLANG_WARN_EMPTY_BODY = YES;
				CLANG_WARN_ENUM_CONVERSION = YES;
				CLANG_WARN_INFINITE_RECURSION = YES;
				CLANG_WARN_INT_CONVERSION = YES;
				CLANG_WARN_NON_LITERAL_NULL_CONVERSION = YES;
				CLANG_WARN_OBJC_IMPLICIT_RETAIN_SELF = YES;
				CLANG_WARN_OBJC_LITERAL_CONVERSION = YES;
				CLANG_WARN_OBJC_ROOT_CLASS = YES_ERROR;
				CLANG_WARN_QUOTED_INCLUDE_IN_FRAMEWORK_HEADER = YES;
				CLANG_WARN_RANGE_LOOP_ANALYSIS = YES;
				CLANG_WARN_STRICT_PROTOTYPES = YES;
				CLANG_WARN_SUSPICIOUS_MOVE = YES;
				CLANG_WARN_UNGUARDED_AVAILABILITY = YES_AGGRESSIVE;
				CLANG_WARN_UNREACHABLE_CODE = YES;
				CLANG_WARN__DUPLICATE_METHOD_MATCH = YES;
				COPY_PHASE_STRIP = NO;
				DEBUG_INFORMATION_FORMAT = dwarf;
				ENABLE_STRICT_OBJC_MSGSEND = YES;
				ENABLE_TESTABILITY = YES;
				GCC_C_LANGUAGE_STANDARD = gnu11;
				GCC_DYNAMIC_NO_PIC = NO;
				GCC_NO_COMMON_BLOCKS = YES;
				GCC_OPTIMIZATION_LEVEL = 0;
				GCC_PREPROCESSOR_DEFINITIONS = (
					"DEBUG=1",
					"$(inherited)",
				);
				GCC_WARN_64_TO_32_BIT_CONVERSION = YES;
				GCC_WARN_ABOUT_RETURN_TYPE = YES_ERROR;
				GCC_WARN_UNDECLARED_SELECTOR = YES;
				GCC_WARN_UNINITIALIZED_AUTOS = YES_AGGRESSIVE;
				GCC_WARN_UNUSED_FUNCTION = YES;
				GCC_WARN_UNUSED_VARIABLE = YES;
				IPHONEOS_DEPLOYMENT_TARGET = 15.2;
				MTL_ENABLE_DEBUG_INFO = INCLUDE_SOURCE;
				MTL_FAST_MATH = YES;
				ONLY_ACTIVE_ARCH = YES;
				SDKROOT = iphoneos;
				SWIFT_ACTIVE_COMPILATION_CONDITIONS = DEBUG;
				SWIFT_OPTIMIZATION_LEVEL = "-Onone";
			};
			name = Debug;
		};
/* End XCBuildConfiguration section */

/* Begin XCConfigurationList section */
		67CD42EE9E9B0A20CA558914 /* Build configuration list for PBXNativeTarget "OhMyFavShow" */ = {
			isa = XCConfigurationList;
			buildConfigurations = (
				67CD44B58594AC40B4AAF349 /* Debug */,
				67CD48F54D999BC89EC135F2 /* Release */,
			);
			defaultConfigurationIsVisible = 0;
			defaultConfigurationName = Release;
		};
		67CD452395408A84CD30B467 /* Build configuration list for PBXProject "OhMyFavShow" */ = {
			isa = XCConfigurationList;
			buildConfigurations = (
				67CD4F5DF7135290203BCFB8 /* Debug */,
				67CD42F10187D1FC390B62D5 /* Release */,
			);
			defaultConfigurationIsVisible = 0;
			defaultConfigurationName = Release;
		};
/* End XCConfigurationList section */
	};
	rootObject = 67CD4F4FEBA37D2FA5F18C64 /* Project object */;
}
