<?xml version="1.0" encoding="UTF-8"?>
<Scheme
   version = "1.3">
   <BuildAction>
      <BuildActionEntries>
         <BuildActionEntry
            buildForRunning = "YES">
            <BuildableReference
               BuildableIdentifier = "primary"
               BlueprintIdentifier = "67CD46459A3C6E19044947C6"
               BuildableName = "OhMyFavShow.app"
               BlueprintName = "OhMyFavShow"
               ReferencedContainer = "container:OhMyFavShow.xcodeproj">
            </BuildableReference>
         </BuildActionEntry>
      </BuildActionEntries>
   </BuildAction>
   <LaunchAction
      useCustomWorkingDirectory = "NO"
      buildConfiguration = "Debug"
      allowLocationSimulation = "YES">
      <BuildableProductRunnable>
         <BuildableReference
            BuildableIdentifier = "primary"
            BlueprintIdentifier = "67CD46459A3C6E19044947C6"
            BuildableName = "OhMyFavShow.app"
            BlueprintName = "OhMyFavShow"
            ReferencedContainer = "container:OhMyFavShow.xcodeproj">
         </BuildableReference>
      </BuildableProductRunnable>
   </LaunchAction>
</Scheme>
